
Microsoft Visual Studio Solution File, Format Version 12.00
Project("{FAE04EC0-301F-11D3-BF4B-00C04F79EFBC}") = "StaffPortal", "StaffPortal\StaffPortal.csproj", "{1B6533BF-C64E-41CD-B58E-A344DD5BF479}"
EndProject
Project("{2150E333-8FDC-42A3-9474-1A3956D46DE8}") = "Solution Items", "Solution Items", "{097DDCE2-8A5F-4E8D-A4C0-F736E7C914C2}"
	ProjectSection(SolutionItems) = preProject
		compose.yaml = compose.yaml
	EndProjectSection
EndProject
Global
	GlobalSection(SolutionConfigurationPlatforms) = preSolution
		Debug|Any CPU = Debug|Any CPU
		Release|Any CPU = Release|Any CPU
	EndGlobalSection
	GlobalSection(ProjectConfigurationPlatforms) = postSolution
		{1B6533BF-C64E-41CD-B58E-A344DD5BF479}.Debug|Any CPU.ActiveCfg = Debug|Any CPU
		{1B6533BF-C64E-41CD-B58E-A344DD5BF479}.Debug|Any CPU.Build.0 = Debug|Any CPU
		{1B6533BF-C64E-41CD-B58E-A344DD5BF479}.Release|Any CPU.ActiveCfg = Release|Any CPU
		{1B6533BF-C64E-41CD-B58E-A344DD5BF479}.Release|Any CPU.Build.0 = Release|Any CPU
	EndGlobalSection
EndGlobal
